// !$*UTF8*$!
{
	archiveVersion = 1;
	classes = {
	};
	objectVersion = 54;
	objects = {

/* Begin PBXBuildFile section */
		52166DD82561796400A1AE4E /* button.cpp in Sources */ = {isa = PBXBuildFile; fileRef = 52166DD72561796400A1AE4E /* button.cpp */; };
		52190ADE25AC7C7E00663216 /* drawing_helper.cpp in Sources */ = {isa = PBXBuildFile; fileRef = 52190ADC25AC7C7E00663216 /* drawing_helper.cpp */; };
		52190AE325AC87D300663216 /* converter.cpp in Sources */ = {isa = PBXBuildFile; fileRef = 52190AE125AC87D300663216 /* converter.cpp */; };
		52190AE825AC929600663216 /* init_create_state_helper.cpp in Sources */ = {isa = PBXBuildFile; fileRef = 52190AE625AC929600663216 /* init_create_state_helper.cpp */; };
		52190AEF25ACB38700663216 /* road_builder_helper.cpp in Sources */ = {isa = PBXBuildFile; fileRef = 52190AED25ACB38700663216 /* road_builder_helper.cpp */; };
		52190AF325ACB7F200663216 /* adding_elements_map_view_helper.cpp in Sources */ = {isa = PBXBuildFile; fileRef = 52190AF125ACB7F200663216 /* adding_elements_map_view_helper.cpp */; };
		52190AF925ACD24A00663216 /* deleting_road_helper.cpp in Sources */ = {isa = PBXBuildFile; fileRef = 52190AF725ACD24A00663216 /* deleting_road_helper.cpp */; };
		52190AFF25ACD6AE00663216 /* cameras_map_view_helper.cpp in Sources */ = {isa = PBXBuildFile; fileRef = 52190AFD25ACD6AE00663216 /* cameras_map_view_helper.cpp */; };
		522531B6255234B40035E946 /* libsfml-network.2.5.1.dylib in Frameworks */ = {isa = PBXBuildFile; fileRef = 522531B1255234B40035E946 /* libsfml-network.2.5.1.dylib */; };
		522531B7255234B40035E946 /* libsfml-audio.2.5.1.dylib in Frameworks */ = {isa = PBXBuildFile; fileRef = 522531B2255234B40035E946 /* libsfml-audio.2.5.1.dylib */; };
		522531B8255234B40035E946 /* libsfml-window.2.5.1.dylib in Frameworks */ = {isa = PBXBuildFile; fileRef = 522531B3255234B40035E946 /* libsfml-window.2.5.1.dylib */; };
		522531B9255234B40035E946 /* libsfml-system.2.5.1.dylib in Frameworks */ = {isa = PBXBuildFile; fileRef = 522531B4255234B40035E946 /* libsfml-system.2.5.1.dylib */; };
		522531BA255234B40035E946 /* libsfml-graphics.2.5.1.dylib in Frameworks */ = {isa = PBXBuildFile; fileRef = 522531B5255234B40035E946 /* libsfml-graphics.2.5.1.dylib */; };
		5225663D255EA24500C9BB3C /* creator_state.cpp in Sources */ = {isa = PBXBuildFile; fileRef = 5225663C255EA24500C9BB3C /* creator_state.cpp */; };
		522F8FB125AA103E00210D3A /* camera.cpp in Sources */ = {isa = PBXBuildFile; fileRef = 522F8FB025AA103E00210D3A /* camera.cpp */; };
		5230E7982565EB3500F84CF2 /* cameras_view.cpp in Sources */ = {isa = PBXBuildFile; fileRef = 5230E78E2565EB3500F84CF2 /* cameras_view.cpp */; };
		5230E7992565EB3500F84CF2 /* tools_view.cpp in Sources */ = {isa = PBXBuildFile; fileRef = 5230E78F2565EB3500F84CF2 /* tools_view.cpp */; };
		5230E79A2565EB3500F84CF2 /* grid.cpp in Sources */ = {isa = PBXBuildFile; fileRef = 5230E7912565EB3500F84CF2 /* grid.cpp */; };
		5230E79B2565EB3500F84CF2 /* map_view.cpp in Sources */ = {isa = PBXBuildFile; fileRef = 5230E7932565EB3500F84CF2 /* map_view.cpp */; };
		5230E79C2565EB3500F84CF2 /* cell.cpp in Sources */ = {isa = PBXBuildFile; fileRef = 5230E7952565EB3500F84CF2 /* cell.cpp */; };
		523F9D2F2575D4BF00279564 /* main.cpp in Sources */ = {isa = PBXBuildFile; fileRef = 523F9D2E2575D4BE00279564 /* main.cpp */; };
		52804F6625537553002A59AD /* car.cpp in Sources */ = {isa = PBXBuildFile; fileRef = 52804F6425537553002A59AD /* car.cpp */; };
		52A1CEA32599F4450014C907 /* tools_subject.cpp in Sources */ = {isa = PBXBuildFile; fileRef = 52A1CEA12599F4450014C907 /* tools_subject.cpp */; };
		52D0C272259B9808000871D0 /* cameras_subject.cpp in Sources */ = {isa = PBXBuildFile; fileRef = 52D0C271259B9808000871D0 /* cameras_subject.cpp */; };
		52D0C277259B9C4A000871D0 /* simulation_handler.cpp in Sources */ = {isa = PBXBuildFile; fileRef = 52D0C276259B9C4A000871D0 /* simulation_handler.cpp */; };
		52D0C284259C072C000871D0 /* simulation_subject.cpp in Sources */ = {isa = PBXBuildFile; fileRef = 52D0C282259C072C000871D0 /* simulation_subject.cpp */; };
		52D3BCF22553FE0C0093D5DF /* main_menu_state.cpp in Sources */ = {isa = PBXBuildFile; fileRef = 52D3BCF12553FE0C0093D5DF /* main_menu_state.cpp */; };
		52D3BCF625540A9A0093D5DF /* state_machine.cpp in Sources */ = {isa = PBXBuildFile; fileRef = 52D3BCF525540A9A0093D5DF /* state_machine.cpp */; };
		52D3BCFD25541DEE0093D5DF /* asset_manager.cpp in Sources */ = {isa = PBXBuildFile; fileRef = 52D3BCFC25541DEE0093D5DF /* asset_manager.cpp */; };
		52D3BD01255421B90093D5DF /* input_manager.cpp in Sources */ = {isa = PBXBuildFile; fileRef = 52D3BD00255421B90093D5DF /* input_manager.cpp */; };
		52D3BD0925542D450093D5DF /* simulator.cpp in Sources */ = {isa = PBXBuildFile; fileRef = 52D3BD0825542D450093D5DF /* simulator.cpp */; };
		52D3BD10255442410093D5DF /* splash_state.cpp in Sources */ = {isa = PBXBuildFile; fileRef = 52D3BD0F255442410093D5DF /* splash_state.cpp */; };
		52D4E57825A5D8EB00102FB0 /* save_state.cpp in Sources */ = {isa = PBXBuildFile; fileRef = 52D4E57725A5D8EB00102FB0 /* save_state.cpp */; };
		52D4E58525A614D700102FB0 /* Resources in CopyFiles */ = {isa = PBXBuildFile; fileRef = 522531A9255232C10035E946 /* Resources */; };
		52D4E58925A6163900102FB0 /* load_state.cpp in Sources */ = {isa = PBXBuildFile; fileRef = 52D4E58825A6163900102FB0 /* load_state.cpp */; };
		52D4E58D25A619E400102FB0 /* file_finder.cpp in Sources */ = {isa = PBXBuildFile; fileRef = 52D4E58C25A619E400102FB0 /* file_finder.cpp */; };
		52D5673F256F034F0017A7C6 /* creator_handler.cpp in Sources */ = {isa = PBXBuildFile; fileRef = 52D5673A256F034F0017A7C6 /* creator_handler.cpp */; };
		52D56740256F034F0017A7C6 /* creator_subject.cpp in Sources */ = {isa = PBXBuildFile; fileRef = 52D5673B256F034F0017A7C6 /* creator_subject.cpp */; };
		52EDDC3B255A055800CD5101 /* init_create_state.cpp in Sources */ = {isa = PBXBuildFile; fileRef = 52EDDC39255A055800CD5101 /* init_create_state.cpp */; };
		52F5565D259D17DD00ECEED3 /* vehicle_factory.cpp in Sources */ = {isa = PBXBuildFile; fileRef = 52F55659259D17DC00ECEED3 /* vehicle_factory.cpp */; };
		52F5565E259D17DD00ECEED3 /* truck.cpp in Sources */ = {isa = PBXBuildFile; fileRef = 52F5565A259D17DD00ECEED3 /* truck.cpp */; };
		52F5565F259D17DD00ECEED3 /* vehicle.cpp in Sources */ = {isa = PBXBuildFile; fileRef = 52F5565C259D17DD00ECEED3 /* vehicle.cpp */; };
/* End PBXBuildFile section */

/* Begin PBXCopyFilesBuildPhase section */
		522531AD255234180035E946 /* CopyFiles */ = {
			isa = PBXCopyFilesBuildPhase;
			buildActionMask = 12;
			dstPath = "";
			dstSubfolderSpec = 7;
			files = (
				52D4E58525A614D700102FB0 /* Resources in CopyFiles */,
			);
			runOnlyForDeploymentPostprocessing = 0;
		};
		529FE34C255231B2006D8A78 /* CopyFiles */ = {
			isa = PBXCopyFilesBuildPhase;
			buildActionMask = 2147483647;
			dstPath = /usr/share/man/man1/;
			dstSubfolderSpec = 0;
			files = (
			);
			runOnlyForDeploymentPostprocessing = 1;
		};
/* End PBXCopyFilesBuildPhase section */

/* Begin PBXFileReference section */
		52166DD62561796400A1AE4E /* button.hpp */ = {isa = PBXFileReference; fileEncoding = 4; lastKnownFileType = sourcecode.cpp.h; path = button.hpp; sourceTree = "<group>"; };
		52166DD72561796400A1AE4E /* button.cpp */ = {isa = PBXFileReference; fileEncoding = 4; lastKnownFileType = sourcecode.cpp.cpp; path = button.cpp; sourceTree = "<group>"; };
		52190ADC25AC7C7E00663216 /* drawing_helper.cpp */ = {isa = PBXFileReference; lastKnownFileType = sourcecode.cpp.cpp; path = drawing_helper.cpp; sourceTree = "<group>"; };
		52190ADD25AC7C7E00663216 /* drawing_helper.hpp */ = {isa = PBXFileReference; lastKnownFileType = sourcecode.cpp.h; path = drawing_helper.hpp; sourceTree = "<group>"; };
		52190AE125AC87D300663216 /* converter.cpp */ = {isa = PBXFileReference; lastKnownFileType = sourcecode.cpp.cpp; path = converter.cpp; sourceTree = "<group>"; };
		52190AE225AC87D300663216 /* converter.hpp */ = {isa = PBXFileReference; lastKnownFileType = sourcecode.cpp.h; path = converter.hpp; sourceTree = "<group>"; };
		52190AE625AC929600663216 /* init_create_state_helper.cpp */ = {isa = PBXFileReference; lastKnownFileType = sourcecode.cpp.cpp; path = init_create_state_helper.cpp; sourceTree = "<group>"; };
		52190AE725AC929600663216 /* init_create_state_helper.hpp */ = {isa = PBXFileReference; lastKnownFileType = sourcecode.cpp.h; path = init_create_state_helper.hpp; sourceTree = "<group>"; };
		52190AED25ACB38700663216 /* road_builder_helper.cpp */ = {isa = PBXFileReference; lastKnownFileType = sourcecode.cpp.cpp; path = road_builder_helper.cpp; sourceTree = "<group>"; };
		52190AEE25ACB38700663216 /* road_builder_helper.hpp */ = {isa = PBXFileReference; lastKnownFileType = sourcecode.cpp.h; path = road_builder_helper.hpp; sourceTree = "<group>"; };
		52190AF125ACB7F200663216 /* adding_elements_map_view_helper.cpp */ = {isa = PBXFileReference; lastKnownFileType = sourcecode.cpp.cpp; path = adding_elements_map_view_helper.cpp; sourceTree = "<group>"; };
		52190AF225ACB7F200663216 /* adding_elements_map_view_helper.hpp */ = {isa = PBXFileReference; lastKnownFileType = sourcecode.cpp.h; path = adding_elements_map_view_helper.hpp; sourceTree = "<group>"; };
		52190AF725ACD24A00663216 /* deleting_road_helper.cpp */ = {isa = PBXFileReference; lastKnownFileType = sourcecode.cpp.cpp; path = deleting_road_helper.cpp; sourceTree = "<group>"; };
		52190AF825ACD24A00663216 /* deleting_road_helper.hpp */ = {isa = PBXFileReference; lastKnownFileType = sourcecode.cpp.h; path = deleting_road_helper.hpp; sourceTree = "<group>"; };
		52190AFD25ACD6AE00663216 /* cameras_map_view_helper.cpp */ = {isa = PBXFileReference; lastKnownFileType = sourcecode.cpp.cpp; path = cameras_map_view_helper.cpp; sourceTree = "<group>"; };
		52190AFE25ACD6AE00663216 /* cameras_map_view_helper.hpp */ = {isa = PBXFileReference; lastKnownFileType = sourcecode.cpp.h; path = cameras_map_view_helper.hpp; sourceTree = "<group>"; };
		522531A9255232C10035E946 /* Resources */ = {isa = PBXFileReference; lastKnownFileType = folder; name = Resources; path = ../../../Resources; sourceTree = "<group>"; };
		522531B1255234B40035E946 /* libsfml-network.2.5.1.dylib */ = {isa = PBXFileReference; lastKnownFileType = "compiled.mach-o.dylib"; name = "libsfml-network.2.5.1.dylib"; path = "../../External Libraries/Mac/SFML/lib/libsfml-network.2.5.1.dylib"; sourceTree = "<group>"; };
		522531B2255234B40035E946 /* libsfml-audio.2.5.1.dylib */ = {isa = PBXFileReference; lastKnownFileType = "compiled.mach-o.dylib"; name = "libsfml-audio.2.5.1.dylib"; path = "../../External Libraries/Mac/SFML/lib/libsfml-audio.2.5.1.dylib"; sourceTree = "<group>"; };
		522531B3255234B40035E946 /* libsfml-window.2.5.1.dylib */ = {isa = PBXFileReference; lastKnownFileType = "compiled.mach-o.dylib"; name = "libsfml-window.2.5.1.dylib"; path = "../../External Libraries/Mac/SFML/lib/libsfml-window.2.5.1.dylib"; sourceTree = "<group>"; };
		522531B4255234B40035E946 /* libsfml-system.2.5.1.dylib */ = {isa = PBXFileReference; lastKnownFileType = "compiled.mach-o.dylib"; name = "libsfml-system.2.5.1.dylib"; path = "../../External Libraries/Mac/SFML/lib/libsfml-system.2.5.1.dylib"; sourceTree = "<group>"; };
		522531B5255234B40035E946 /* libsfml-graphics.2.5.1.dylib */ = {isa = PBXFileReference; lastKnownFileType = "compiled.mach-o.dylib"; name = "libsfml-graphics.2.5.1.dylib"; path = "../../External Libraries/Mac/SFML/lib/libsfml-graphics.2.5.1.dylib"; sourceTree = "<group>"; };
		5225663B255EA20400C9BB3C /* creator_state.hpp */ = {isa = PBXFileReference; lastKnownFileType = sourcecode.cpp.h; path = creator_state.hpp; sourceTree = "<group>"; };
		5225663C255EA24500C9BB3C /* creator_state.cpp */ = {isa = PBXFileReference; lastKnownFileType = sourcecode.cpp.cpp; path = creator_state.cpp; sourceTree = "<group>"; };
		522F8FAF25AA103E00210D3A /* camera.hpp */ = {isa = PBXFileReference; fileEncoding = 4; lastKnownFileType = sourcecode.cpp.h; path = camera.hpp; sourceTree = "<group>"; };
		522F8FB025AA103E00210D3A /* camera.cpp */ = {isa = PBXFileReference; fileEncoding = 4; lastKnownFileType = sourcecode.cpp.cpp; path = camera.cpp; sourceTree = "<group>"; };
		522FCDAB25A169620006A5AB /* keys_enum.hpp */ = {isa = PBXFileReference; lastKnownFileType = sourcecode.cpp.h; path = keys_enum.hpp; sourceTree = "<group>"; };
		5230E78E2565EB3500F84CF2 /* cameras_view.cpp */ = {isa = PBXFileReference; fileEncoding = 4; lastKnownFileType = sourcecode.cpp.cpp; path = cameras_view.cpp; sourceTree = "<group>"; };
		5230E78F2565EB3500F84CF2 /* tools_view.cpp */ = {isa = PBXFileReference; fileEncoding = 4; lastKnownFileType = sourcecode.cpp.cpp; path = tools_view.cpp; sourceTree = "<group>"; };
		5230E7902565EB3500F84CF2 /* cell.hpp */ = {isa = PBXFileReference; fileEncoding = 4; lastKnownFileType = sourcecode.cpp.h; path = cell.hpp; sourceTree = "<group>"; };
		5230E7912565EB3500F84CF2 /* grid.cpp */ = {isa = PBXFileReference; fileEncoding = 4; lastKnownFileType = sourcecode.cpp.cpp; path = grid.cpp; sourceTree = "<group>"; };
		5230E7922565EB3500F84CF2 /* cameras_view.hpp */ = {isa = PBXFileReference; fileEncoding = 4; lastKnownFileType = sourcecode.cpp.h; path = cameras_view.hpp; sourceTree = "<group>"; };
		5230E7932565EB3500F84CF2 /* map_view.cpp */ = {isa = PBXFileReference; fileEncoding = 4; lastKnownFileType = sourcecode.cpp.cpp; path = map_view.cpp; sourceTree = "<group>"; };
		5230E7942565EB3500F84CF2 /* tools_view.hpp */ = {isa = PBXFileReference; fileEncoding = 4; lastKnownFileType = sourcecode.cpp.h; path = tools_view.hpp; sourceTree = "<group>"; };
		5230E7952565EB3500F84CF2 /* cell.cpp */ = {isa = PBXFileReference; fileEncoding = 4; lastKnownFileType = sourcecode.cpp.cpp; path = cell.cpp; sourceTree = "<group>"; };
		5230E7962565EB3500F84CF2 /* map_view.hpp */ = {isa = PBXFileReference; fileEncoding = 4; lastKnownFileType = sourcecode.cpp.h; path = map_view.hpp; sourceTree = "<group>"; };
		5230E7972565EB3500F84CF2 /* grid.hpp */ = {isa = PBXFileReference; fileEncoding = 4; lastKnownFileType = sourcecode.cpp.h; path = grid.hpp; sourceTree = "<group>"; };
		523F9D2E2575D4BE00279564 /* main.cpp */ = {isa = PBXFileReference; fileEncoding = 4; lastKnownFileType = sourcecode.cpp.cpp; path = main.cpp; sourceTree = "<group>"; };
		5244338325A3796B00CD4055 /* timer.hpp */ = {isa = PBXFileReference; lastKnownFileType = sourcecode.cpp.h; path = timer.hpp; sourceTree = "<group>"; };
		52804F6425537553002A59AD /* car.cpp */ = {isa = PBXFileReference; fileEncoding = 4; lastKnownFileType = sourcecode.cpp.cpp; name = car.cpp; path = Vehicles/car.cpp; sourceTree = "<group>"; };
		52804F6525537553002A59AD /* car.hpp */ = {isa = PBXFileReference; fileEncoding = 4; lastKnownFileType = sourcecode.cpp.h; name = car.hpp; path = Vehicles/car.hpp; sourceTree = "<group>"; };
		529FE34E255231B2006D8A78 /* CityTrafficSimulator */ = {isa = PBXFileReference; explicitFileType = "compiled.mach-o.executable"; includeInIndex = 0; path = CityTrafficSimulator; sourceTree = BUILT_PRODUCTS_DIR; };
		52A1CEA02599F4450014C907 /* tools_observer.hpp */ = {isa = PBXFileReference; fileEncoding = 4; lastKnownFileType = sourcecode.cpp.h; path = tools_observer.hpp; sourceTree = "<group>"; };
		52A1CEA12599F4450014C907 /* tools_subject.cpp */ = {isa = PBXFileReference; fileEncoding = 4; lastKnownFileType = sourcecode.cpp.cpp; path = tools_subject.cpp; sourceTree = "<group>"; };
		52A1CEA22599F4450014C907 /* tools_subject.hpp */ = {isa = PBXFileReference; fileEncoding = 4; lastKnownFileType = sourcecode.cpp.h; path = tools_subject.hpp; sourceTree = "<group>"; };
		52D0C271259B9808000871D0 /* cameras_subject.cpp */ = {isa = PBXFileReference; lastKnownFileType = sourcecode.cpp.cpp; path = cameras_subject.cpp; sourceTree = "<group>"; };
		52D0C273259B981B000871D0 /* cameras_subject.hpp */ = {isa = PBXFileReference; lastKnownFileType = sourcecode.cpp.h; path = cameras_subject.hpp; sourceTree = "<group>"; };
		52D0C274259B9A95000871D0 /* cameras_observer.hpp */ = {isa = PBXFileReference; lastKnownFileType = sourcecode.cpp.h; path = cameras_observer.hpp; sourceTree = "<group>"; };
		52D0C275259B9C2D000871D0 /* simulation_handler.hpp */ = {isa = PBXFileReference; lastKnownFileType = sourcecode.cpp.h; path = simulation_handler.hpp; sourceTree = "<group>"; };
		52D0C276259B9C4A000871D0 /* simulation_handler.cpp */ = {isa = PBXFileReference; lastKnownFileType = sourcecode.cpp.cpp; path = simulation_handler.cpp; sourceTree = "<group>"; };
		52D0C278259BEC28000871D0 /* simulation_observer.hpp */ = {isa = PBXFileReference; lastKnownFileType = sourcecode.cpp.h; path = simulation_observer.hpp; sourceTree = "<group>"; };
		52D0C282259C072C000871D0 /* simulation_subject.cpp */ = {isa = PBXFileReference; lastKnownFileType = sourcecode.cpp.cpp; path = simulation_subject.cpp; sourceTree = "<group>"; };
		52D0C283259C072C000871D0 /* simulation_subject.hpp */ = {isa = PBXFileReference; lastKnownFileType = sourcecode.cpp.h; path = simulation_subject.hpp; sourceTree = "<group>"; };
		52D3BCF02553FDF40093D5DF /* main_menu_state.hpp */ = {isa = PBXFileReference; lastKnownFileType = sourcecode.cpp.h; path = main_menu_state.hpp; sourceTree = "<group>"; };
		52D3BCF12553FE0C0093D5DF /* main_menu_state.cpp */ = {isa = PBXFileReference; lastKnownFileType = sourcecode.cpp.cpp; path = main_menu_state.cpp; sourceTree = "<group>"; };
		52D3BCF4255409AD0093D5DF /* state.hpp */ = {isa = PBXFileReference; lastKnownFileType = sourcecode.cpp.h; path = state.hpp; sourceTree = "<group>"; };
		52D3BCF525540A9A0093D5DF /* state_machine.cpp */ = {isa = PBXFileReference; lastKnownFileType = sourcecode.cpp.cpp; path = state_machine.cpp; sourceTree = "<group>"; };
		52D3BCF925540AB00093D5DF /* state_machine.hpp */ = {isa = PBXFileReference; lastKnownFileType = sourcecode.cpp.h; path = state_machine.hpp; sourceTree = "<group>"; };
		52D3BCFB25541DDF0093D5DF /* asset_manager.hpp */ = {isa = PBXFileReference; lastKnownFileType = sourcecode.cpp.h; path = asset_manager.hpp; sourceTree = "<group>"; };
		52D3BCFC25541DEE0093D5DF /* asset_manager.cpp */ = {isa = PBXFileReference; lastKnownFileType = sourcecode.cpp.cpp; path = asset_manager.cpp; sourceTree = "<group>"; };
		52D3BD00255421B90093D5DF /* input_manager.cpp */ = {isa = PBXFileReference; lastKnownFileType = sourcecode.cpp.cpp; path = input_manager.cpp; sourceTree = "<group>"; };
		52D3BD04255421DD0093D5DF /* input_manager.hpp */ = {isa = PBXFileReference; lastKnownFileType = sourcecode.cpp.h; path = input_manager.hpp; sourceTree = "<group>"; };
		52D3BD0825542D450093D5DF /* simulator.cpp */ = {isa = PBXFileReference; lastKnownFileType = sourcecode.cpp.cpp; path = simulator.cpp; sourceTree = "<group>"; };
		52D3BD0B25542DB40093D5DF /* simulator.hpp */ = {isa = PBXFileReference; lastKnownFileType = sourcecode.cpp.h; path = simulator.hpp; sourceTree = "<group>"; };
		52D3BD0D255440E00093D5DF /* splash_state.hpp */ = {isa = PBXFileReference; lastKnownFileType = sourcecode.cpp.h; path = splash_state.hpp; sourceTree = "<group>"; };
		52D3BD0E2554413A0093D5DF /* definitions.hpp */ = {isa = PBXFileReference; lastKnownFileType = sourcecode.cpp.h; path = definitions.hpp; sourceTree = "<group>"; };
		52D3BD0F255442410093D5DF /* splash_state.cpp */ = {isa = PBXFileReference; lastKnownFileType = sourcecode.cpp.cpp; path = splash_state.cpp; sourceTree = "<group>"; };
		52D4E57625A5D8EB00102FB0 /* save_state.hpp */ = {isa = PBXFileReference; fileEncoding = 4; lastKnownFileType = sourcecode.cpp.h; path = save_state.hpp; sourceTree = "<group>"; };
		52D4E57725A5D8EB00102FB0 /* save_state.cpp */ = {isa = PBXFileReference; fileEncoding = 4; lastKnownFileType = sourcecode.cpp.cpp; path = save_state.cpp; sourceTree = "<group>"; };
		52D4E58725A615F900102FB0 /* load_state.hpp */ = {isa = PBXFileReference; lastKnownFileType = sourcecode.cpp.h; path = load_state.hpp; sourceTree = "<group>"; };
		52D4E58825A6163900102FB0 /* load_state.cpp */ = {isa = PBXFileReference; lastKnownFileType = sourcecode.cpp.cpp; path = load_state.cpp; sourceTree = "<group>"; };
		52D4E58B25A619C100102FB0 /* file_finder.hpp */ = {isa = PBXFileReference; lastKnownFileType = sourcecode.cpp.h; path = file_finder.hpp; sourceTree = "<group>"; };
		52D4E58C25A619E400102FB0 /* file_finder.cpp */ = {isa = PBXFileReference; lastKnownFileType = sourcecode.cpp.cpp; path = file_finder.cpp; sourceTree = "<group>"; };
		52D5673A256F034F0017A7C6 /* creator_handler.cpp */ = {isa = PBXFileReference; fileEncoding = 4; lastKnownFileType = sourcecode.cpp.cpp; path = creator_handler.cpp; sourceTree = "<group>"; };
		52D5673B256F034F0017A7C6 /* creator_subject.cpp */ = {isa = PBXFileReference; fileEncoding = 4; lastKnownFileType = sourcecode.cpp.cpp; path = creator_subject.cpp; sourceTree = "<group>"; };
		52D5673C256F034F0017A7C6 /* creator_subject.hpp */ = {isa = PBXFileReference; fileEncoding = 4; lastKnownFileType = sourcecode.cpp.h; path = creator_subject.hpp; sourceTree = "<group>"; };
		52D5673D256F034F0017A7C6 /* creator_handler.hpp */ = {isa = PBXFileReference; fileEncoding = 4; lastKnownFileType = sourcecode.cpp.h; path = creator_handler.hpp; sourceTree = "<group>"; };
		52D5673E256F034F0017A7C6 /* creator_observer.hpp */ = {isa = PBXFileReference; fileEncoding = 4; lastKnownFileType = sourcecode.cpp.h; path = creator_observer.hpp; sourceTree = "<group>"; };
		52EDDC39255A055800CD5101 /* init_create_state.cpp */ = {isa = PBXFileReference; fileEncoding = 4; lastKnownFileType = sourcecode.cpp.cpp; path = init_create_state.cpp; sourceTree = "<group>"; };
		52EDDC3A255A055800CD5101 /* init_create_state.hpp */ = {isa = PBXFileReference; fileEncoding = 4; lastKnownFileType = sourcecode.cpp.h; path = init_create_state.hpp; sourceTree = "<group>"; };
		52F55656259D17DC00ECEED3 /* truck.hpp */ = {isa = PBXFileReference; fileEncoding = 4; lastKnownFileType = sourcecode.cpp.h; name = truck.hpp; path = Vehicles/truck.hpp; sourceTree = "<group>"; };
		52F55657259D17DC00ECEED3 /* vehicle_factory.hpp */ = {isa = PBXFileReference; fileEncoding = 4; lastKnownFileType = sourcecode.cpp.h; name = vehicle_factory.hpp; path = Vehicles/vehicle_factory.hpp; sourceTree = "<group>"; };
		52F55659259D17DC00ECEED3 /* vehicle_factory.cpp */ = {isa = PBXFileReference; fileEncoding = 4; lastKnownFileType = sourcecode.cpp.cpp; name = vehicle_factory.cpp; path = Vehicles/vehicle_factory.cpp; sourceTree = "<group>"; };
		52F5565A259D17DD00ECEED3 /* truck.cpp */ = {isa = PBXFileReference; fileEncoding = 4; lastKnownFileType = sourcecode.cpp.cpp; name = truck.cpp; path = Vehicles/truck.cpp; sourceTree = "<group>"; };
		52F5565B259D17DD00ECEED3 /* vehicle.hpp */ = {isa = PBXFileReference; fileEncoding = 4; lastKnownFileType = sourcecode.cpp.h; name = vehicle.hpp; path = Vehicles/vehicle.hpp; sourceTree = "<group>"; };
		52F5565C259D17DD00ECEED3 /* vehicle.cpp */ = {isa = PBXFileReference; fileEncoding = 4; lastKnownFileType = sourcecode.cpp.cpp; name = vehicle.cpp; path = Vehicles/vehicle.cpp; sourceTree = "<group>"; };
/* End PBXFileReference section */

/* Begin PBXFrameworksBuildPhase section */
		529FE34B255231B2006D8A78 /* Frameworks */ = {
			isa = PBXFrameworksBuildPhase;
			buildActionMask = 2147483647;
			files = (
				522531B6255234B40035E946 /* libsfml-network.2.5.1.dylib in Frameworks */,
				522531B7255234B40035E946 /* libsfml-audio.2.5.1.dylib in Frameworks */,
				522531B8255234B40035E946 /* libsfml-window.2.5.1.dylib in Frameworks */,
				522531B9255234B40035E946 /* libsfml-system.2.5.1.dylib in Frameworks */,
				522531BA255234B40035E946 /* libsfml-graphics.2.5.1.dylib in Frameworks */,
			);
			runOnlyForDeploymentPostprocessing = 0;
		};
/* End PBXFrameworksBuildPhase section */

/* Begin PBXGroup section */
		522531A5255232B20035E946 /* Code */ = {
			isa = PBXGroup;
			children = (
				522F8FB025AA103E00210D3A /* camera.cpp */,
				522F8FAF25AA103E00210D3A /* camera.hpp */,
				52D4E57725A5D8EB00102FB0 /* save_state.cpp */,
				52D4E57625A5D8EB00102FB0 /* save_state.hpp */,
				52F5565A259D17DD00ECEED3 /* truck.cpp */,
				52F55656259D17DC00ECEED3 /* truck.hpp */,
				52F5565C259D17DD00ECEED3 /* vehicle.cpp */,
				52F5565B259D17DD00ECEED3 /* vehicle.hpp */,
				52F55659259D17DC00ECEED3 /* vehicle_factory.cpp */,
				52F55657259D17DC00ECEED3 /* vehicle_factory.hpp */,
				52A1CEA7259A18950014C907 /* Tools */,
				523F9D2E2575D4BE00279564 /* main.cpp */,
				52D0C27B259BF2BA000871D0 /* Cameras */,
				5230E7952565EB3500F84CF2 /* cell.cpp */,
				5230E7902565EB3500F84CF2 /* cell.hpp */,
				52D0C285259C07FF000871D0 /* Creator */,
				52D0C281259C06F1000871D0 /* Simulation */,
				5230E7912565EB3500F84CF2 /* grid.cpp */,
				5230E7972565EB3500F84CF2 /* grid.hpp */,
				52190ADC25AC7C7E00663216 /* drawing_helper.cpp */,
				52190ADD25AC7C7E00663216 /* drawing_helper.hpp */,
				522FCDAB25A169620006A5AB /* keys_enum.hpp */,
				5230E7932565EB3500F84CF2 /* map_view.cpp */,
				5230E7962565EB3500F84CF2 /* map_view.hpp */,
				52190AED25ACB38700663216 /* road_builder_helper.cpp */,
				52190AEE25ACB38700663216 /* road_builder_helper.hpp */,
				52190AFD25ACD6AE00663216 /* cameras_map_view_helper.cpp */,
				52190AFE25ACD6AE00663216 /* cameras_map_view_helper.hpp */,
				52190AE125AC87D300663216 /* converter.cpp */,
				52190AE225AC87D300663216 /* converter.hpp */,
				5225663B255EA20400C9BB3C /* creator_state.hpp */,
				5225663C255EA24500C9BB3C /* creator_state.cpp */,
				52166DD72561796400A1AE4E /* button.cpp */,
				52166DD62561796400A1AE4E /* button.hpp */,
				52EDDC39255A055800CD5101 /* init_create_state.cpp */,
				52EDDC3A255A055800CD5101 /* init_create_state.hpp */,
				52190AE625AC929600663216 /* init_create_state_helper.cpp */,
				52190AE725AC929600663216 /* init_create_state_helper.hpp */,
				52190AF125ACB7F200663216 /* adding_elements_map_view_helper.cpp */,
				52190AF225ACB7F200663216 /* adding_elements_map_view_helper.hpp */,
				52190AF725ACD24A00663216 /* deleting_road_helper.cpp */,
				52190AF825ACD24A00663216 /* deleting_road_helper.hpp */,
				52804F6425537553002A59AD /* car.cpp */,
				52804F6525537553002A59AD /* car.hpp */,
				52D3BD0D255440E00093D5DF /* splash_state.hpp */,
				52D3BD0F255442410093D5DF /* splash_state.cpp */,
				52D3BCF525540A9A0093D5DF /* state_machine.cpp */,
				52D3BCF925540AB00093D5DF /* state_machine.hpp */,
				52D3BCFB25541DDF0093D5DF /* asset_manager.hpp */,
				52D3BCFC25541DEE0093D5DF /* asset_manager.cpp */,
				52D3BD00255421B90093D5DF /* input_manager.cpp */,
				52D3BD04255421DD0093D5DF /* input_manager.hpp */,
				52D3BCF02553FDF40093D5DF /* main_menu_state.hpp */,
				52D3BCF12553FE0C0093D5DF /* main_menu_state.cpp */,
				5244338325A3796B00CD4055 /* timer.hpp */,
				52D4E58725A615F900102FB0 /* load_state.hpp */,
				52D4E58825A6163900102FB0 /* load_state.cpp */,
				52D4E58B25A619C100102FB0 /* file_finder.hpp */,
				52D4E58C25A619E400102FB0 /* file_finder.cpp */,
				52D3BD0B25542DB40093D5DF /* simulator.hpp */,
				52D3BD0825542D450093D5DF /* simulator.cpp */,
				52D3BCF4255409AD0093D5DF /* state.hpp */,
				52D3BD0E2554413A0093D5DF /* definitions.hpp */,
			);
			name = Code;
			path = ../../../Code;
			sourceTree = "<group>";
		};
		522531B0255234B40035E946 /* Frameworks */ = {
			isa = PBXGroup;
			children = (
				522531B2255234B40035E946 /* libsfml-audio.2.5.1.dylib */,
				522531B5255234B40035E946 /* libsfml-graphics.2.5.1.dylib */,
				522531B1255234B40035E946 /* libsfml-network.2.5.1.dylib */,
				522531B4255234B40035E946 /* libsfml-system.2.5.1.dylib */,
				522531B3255234B40035E946 /* libsfml-window.2.5.1.dylib */,
			);
			name = Frameworks;
			sourceTree = "<group>";
		};
		529FE345255231B2006D8A78 = {
			isa = PBXGroup;
			children = (
				529FE350255231B2006D8A78 /* CityTrafficSimulator */,
				529FE34F255231B2006D8A78 /* Products */,
				522531B0255234B40035E946 /* Frameworks */,
			);
			sourceTree = "<group>";
		};
		529FE34F255231B2006D8A78 /* Products */ = {
			isa = PBXGroup;
			children = (
				529FE34E255231B2006D8A78 /* CityTrafficSimulator */,
			);
			name = Products;
			sourceTree = "<group>";
		};
		529FE350255231B2006D8A78 /* CityTrafficSimulator */ = {
			isa = PBXGroup;
			children = (
				522531A9255232C10035E946 /* Resources */,
				522531A5255232B20035E946 /* Code */,
			);
			path = CityTrafficSimulator;
			sourceTree = "<group>";
		};
		52A1CEA7259A18950014C907 /* Tools */ = {
			isa = PBXGroup;
			children = (
				5230E78F2565EB3500F84CF2 /* tools_view.cpp */,
				5230E7942565EB3500F84CF2 /* tools_view.hpp */,
				52A1CEA02599F4450014C907 /* tools_observer.hpp */,
				52A1CEA12599F4450014C907 /* tools_subject.cpp */,
				52A1CEA22599F4450014C907 /* tools_subject.hpp */,
			);
			name = Tools;
			sourceTree = "<group>";
		};
		52D0C27B259BF2BA000871D0 /* Cameras */ = {
			isa = PBXGroup;
			children = (
				52D0C271259B9808000871D0 /* cameras_subject.cpp */,
				5230E7922565EB3500F84CF2 /* cameras_view.hpp */,
				52D0C273259B981B000871D0 /* cameras_subject.hpp */,
				5230E78E2565EB3500F84CF2 /* cameras_view.cpp */,
				52D0C274259B9A95000871D0 /* cameras_observer.hpp */,
			);
			name = Cameras;
			sourceTree = "<group>";
		};
		52D0C281259C06F1000871D0 /* Simulation */ = {
			isa = PBXGroup;
			children = (
				52D0C282259C072C000871D0 /* simulation_subject.cpp */,
				52D0C283259C072C000871D0 /* simulation_subject.hpp */,
				52D0C275259B9C2D000871D0 /* simulation_handler.hpp */,
				52D0C276259B9C4A000871D0 /* simulation_handler.cpp */,
				52D0C278259BEC28000871D0 /* simulation_observer.hpp */,
			);
			name = Simulation;
			sourceTree = "<group>";
		};
		52D0C285259C07FF000871D0 /* Creator */ = {
			isa = PBXGroup;
			children = (
				52D5673A256F034F0017A7C6 /* creator_handler.cpp */,
				52D5673D256F034F0017A7C6 /* creator_handler.hpp */,
				52D5673E256F034F0017A7C6 /* creator_observer.hpp */,
				52D5673B256F034F0017A7C6 /* creator_subject.cpp */,
				52D5673C256F034F0017A7C6 /* creator_subject.hpp */,
			);
			name = Creator;
			sourceTree = "<group>";
		};
/* End PBXGroup section */

/* Begin PBXNativeTarget section */
		529FE34D255231B2006D8A78 /* CityTrafficSimulator */ = {
			isa = PBXNativeTarget;
			buildConfigurationList = 529FE355255231B2006D8A78 /* Build configuration list for PBXNativeTarget "CityTrafficSimulator" */;
			buildPhases = (
				529FE34A255231B2006D8A78 /* Sources */,
				529FE34B255231B2006D8A78 /* Frameworks */,
				529FE34C255231B2006D8A78 /* CopyFiles */,
				522531AD255234180035E946 /* CopyFiles */,
			);
			buildRules = (
			);
			dependencies = (
			);
			name = CityTrafficSimulator;
			productName = CityTrafficSimulator;
			productReference = 529FE34E255231B2006D8A78 /* CityTrafficSimulator */;
			productType = "com.apple.product-type.tool";
		};
/* End PBXNativeTarget section */

/* Begin PBXProject section */
		529FE346255231B2006D8A78 /* Project object */ = {
			isa = PBXProject;
			attributes = {
				LastUpgradeCheck = 1220;
				TargetAttributes = {
					529FE34D255231B2006D8A78 = {
						CreatedOnToolsVersion = 12.1;
					};
				};
			};
			buildConfigurationList = 529FE349255231B2006D8A78 /* Build configuration list for PBXProject "CityTrafficSimulator" */;
			compatibilityVersion = "Xcode 12.0";
			developmentRegion = en;
			hasScannedForEncodings = 0;
			knownRegions = (
				en,
				Base,
			);
			mainGroup = 529FE345255231B2006D8A78;
			productRefGroup = 529FE34F255231B2006D8A78 /* Products */;
			projectDirPath = "";
			projectRoot = "";
			targets = (
				529FE34D255231B2006D8A78 /* CityTrafficSimulator */,
			);
		};
/* End PBXProject section */

/* Begin PBXSourcesBuildPhase section */
		529FE34A255231B2006D8A78 /* Sources */ = {
			isa = PBXSourcesBuildPhase;
			buildActionMask = 2147483647;
			files = (
				52F5565F259D17DD00ECEED3 /* vehicle.cpp in Sources */,
				5230E79B2565EB3500F84CF2 /* map_view.cpp in Sources */,
				52D56740256F034F0017A7C6 /* creator_subject.cpp in Sources */,
				52F5565E259D17DD00ECEED3 /* truck.cpp in Sources */,
				52D3BCFD25541DEE0093D5DF /* asset_manager.cpp in Sources */,
				52D3BCF22553FE0C0093D5DF /* main_menu_state.cpp in Sources */,
				52190AFF25ACD6AE00663216 /* cameras_map_view_helper.cpp in Sources */,
				52D0C272259B9808000871D0 /* cameras_subject.cpp in Sources */,
				52D4E57825A5D8EB00102FB0 /* save_state.cpp in Sources */,
				52D3BD10255442410093D5DF /* splash_state.cpp in Sources */,
				52D3BCF625540A9A0093D5DF /* state_machine.cpp in Sources */,
				52A1CEA32599F4450014C907 /* tools_subject.cpp in Sources */,
				5230E7992565EB3500F84CF2 /* tools_view.cpp in Sources */,
				52190AEF25ACB38700663216 /* road_builder_helper.cpp in Sources */,
				52D0C277259B9C4A000871D0 /* simulation_handler.cpp in Sources */,
				5230E79A2565EB3500F84CF2 /* grid.cpp in Sources */,
				52F5565D259D17DD00ECEED3 /* vehicle_factory.cpp in Sources */,
				52804F6625537553002A59AD /* car.cpp in Sources */,
				52D3BD01255421B90093D5DF /* input_manager.cpp in Sources */,
				5230E79C2565EB3500F84CF2 /* cell.cpp in Sources */,
				523F9D2F2575D4BF00279564 /* main.cpp in Sources */,
				52190AE825AC929600663216 /* init_create_state_helper.cpp in Sources */,
				52EDDC3B255A055800CD5101 /* init_create_state.cpp in Sources */,
				52D3BD0925542D450093D5DF /* simulator.cpp in Sources */,
				52190AE325AC87D300663216 /* converter.cpp in Sources */,
				522F8FB125AA103E00210D3A /* camera.cpp in Sources */,
				52D5673F256F034F0017A7C6 /* creator_handler.cpp in Sources */,
				52190AF325ACB7F200663216 /* adding_elements_map_view_helper.cpp in Sources */,
				52190AF925ACD24A00663216 /* deleting_road_helper.cpp in Sources */,
				52D0C284259C072C000871D0 /* simulation_subject.cpp in Sources */,
				5225663D255EA24500C9BB3C /* creator_state.cpp in Sources */,
				52166DD82561796400A1AE4E /* button.cpp in Sources */,
				5230E7982565EB3500F84CF2 /* cameras_view.cpp in Sources */,
				52D4E58925A6163900102FB0 /* load_state.cpp in Sources */,
				52190ADE25AC7C7E00663216 /* drawing_helper.cpp in Sources */,
				52D4E58D25A619E400102FB0 /* file_finder.cpp in Sources */,
			);
			runOnlyForDeploymentPostprocessing = 0;
		};
/* End PBXSourcesBuildPhase section */

/* Begin XCBuildConfiguration section */
		529FE353255231B2006D8A78 /* Debug */ = {
			isa = XCBuildConfiguration;
			buildSettings = {
				ALWAYS_SEARCH_USER_PATHS = NO;
				CLANG_ANALYZER_NONNULL = YES;
				CLANG_ANALYZER_NUMBER_OBJECT_CONVERSION = YES_AGGRESSIVE;
				CLANG_CXX_LANGUAGE_STANDARD = "gnu++14";
				CLANG_CXX_LIBRARY = "libc++";
				CLANG_ENABLE_MODULES = YES;
				CLANG_ENABLE_OBJC_ARC = YES;
				CLANG_ENABLE_OBJC_WEAK = YES;
				CLANG_WARN_BLOCK_CAPTURE_AUTORELEASING = YES;
				CLANG_WARN_BOOL_CONVERSION = YES;
				CLANG_WARN_COMMA = YES;
				CLANG_WARN_CONSTANT_CONVERSION = YES;
				CLANG_WARN_DEPRECATED_OBJC_IMPLEMENTATIONS = YES;
				CLANG_WARN_DIRECT_OBJC_ISA_USAGE = YES_ERROR;
				CLANG_WARN_DOCUMENTATION_COMMENTS = YES;
				CLANG_WARN_EMPTY_BODY = YES;
				CLANG_WARN_ENUM_CONVERSION = YES;
				CLANG_WARN_INFINITE_RECURSION = YES;
				CLANG_WARN_INT_CONVERSION = YES;
				CLANG_WARN_NON_LITERAL_NULL_CONVERSION = YES;
				CLANG_WARN_OBJC_IMPLICIT_RETAIN_SELF = YES;
				CLANG_WARN_OBJC_LITERAL_CONVERSION = YES;
				CLANG_WARN_OBJC_ROOT_CLASS = YES_ERROR;
				CLANG_WARN_QUOTED_INCLUDE_IN_FRAMEWORK_HEADER = YES;
				CLANG_WARN_RANGE_LOOP_ANALYSIS = YES;
				CLANG_WARN_STRICT_PROTOTYPES = YES;
				CLANG_WARN_SUSPICIOUS_MOVE = YES;
				CLANG_WARN_UNGUARDED_AVAILABILITY = YES_AGGRESSIVE;
				CLANG_WARN_UNREACHABLE_CODE = YES;
				CLANG_WARN__DUPLICATE_METHOD_MATCH = YES;
				COPY_PHASE_STRIP = NO;
				DEBUG_INFORMATION_FORMAT = dwarf;
				ENABLE_STRICT_OBJC_MSGSEND = YES;
				ENABLE_TESTABILITY = YES;
				GCC_C_LANGUAGE_STANDARD = gnu11;
				GCC_DYNAMIC_NO_PIC = NO;
				GCC_NO_COMMON_BLOCKS = YES;
				GCC_OPTIMIZATION_LEVEL = 0;
				GCC_PREPROCESSOR_DEFINITIONS = (
					"DEBUG=1",
					"$(inherited)",
				);
				GCC_WARN_64_TO_32_BIT_CONVERSION = YES;
				GCC_WARN_ABOUT_DEPRECATED_FUNCTIONS = YES;
				GCC_WARN_ABOUT_RETURN_TYPE = YES_ERROR;
				GCC_WARN_UNDECLARED_SELECTOR = YES;
				GCC_WARN_UNINITIALIZED_AUTOS = YES_AGGRESSIVE;
				GCC_WARN_UNUSED_FUNCTION = YES;
				GCC_WARN_UNUSED_VARIABLE = YES;
				MACOSX_DEPLOYMENT_TARGET = 10.15;
				MTL_ENABLE_DEBUG_INFO = INCLUDE_SOURCE;
				MTL_FAST_MATH = YES;
				ONLY_ACTIVE_ARCH = YES;
				SDKROOT = macosx;
			};
			name = Debug;
		};
		529FE354255231B2006D8A78 /* Release */ = {
			isa = XCBuildConfiguration;
			buildSettings = {
				ALWAYS_SEARCH_USER_PATHS = NO;
				CLANG_ANALYZER_NONNULL = YES;
				CLANG_ANALYZER_NUMBER_OBJECT_CONVERSION = YES_AGGRESSIVE;
				CLANG_CXX_LANGUAGE_STANDARD = "gnu++14";
				CLANG_CXX_LIBRARY = "libc++";
				CLANG_ENABLE_MODULES = YES;
				CLANG_ENABLE_OBJC_ARC = YES;
				CLANG_ENABLE_OBJC_WEAK = YES;
				CLANG_WARN_BLOCK_CAPTURE_AUTORELEASING = YES;
				CLANG_WARN_BOOL_CONVERSION = YES;
				CLANG_WARN_COMMA = YES;
				CLANG_WARN_CONSTANT_CONVERSION = YES;
				CLANG_WARN_DEPRECATED_OBJC_IMPLEMENTATIONS = YES;
				CLANG_WARN_DIRECT_OBJC_ISA_USAGE = YES_ERROR;
				CLANG_WARN_DOCUMENTATION_COMMENTS = YES;
				CLANG_WARN_EMPTY_BODY = YES;
				CLANG_WARN_ENUM_CONVERSION = YES;
				CLANG_WARN_INFINITE_RECURSION = YES;
				CLANG_WARN_INT_CONVERSION = YES;
				CLANG_WARN_NON_LITERAL_NULL_CONVERSION = YES;
				CLANG_WARN_OBJC_IMPLICIT_RETAIN_SELF = YES;
				CLANG_WARN_OBJC_LITERAL_CONVERSION = YES;
				CLANG_WARN_OBJC_ROOT_CLASS = YES_ERROR;
				CLANG_WARN_QUOTED_INCLUDE_IN_FRAMEWORK_HEADER = YES;
				CLANG_WARN_RANGE_LOOP_ANALYSIS = YES;
				CLANG_WARN_STRICT_PROTOTYPES = YES;
				CLANG_WARN_SUSPICIOUS_MOVE = YES;
				CLANG_WARN_UNGUARDED_AVAILABILITY = YES_AGGRESSIVE;
				CLANG_WARN_UNREACHABLE_CODE = YES;
				CLANG_WARN__DUPLICATE_METHOD_MATCH = YES;
				COPY_PHASE_STRIP = NO;
				DEBUG_INFORMATION_FORMAT = "dwarf-with-dsym";
				ENABLE_NS_ASSERTIONS = NO;
				ENABLE_STRICT_OBJC_MSGSEND = YES;
				GCC_C_LANGUAGE_STANDARD = gnu11;
				GCC_NO_COMMON_BLOCKS = YES;
				GCC_WARN_64_TO_32_BIT_CONVERSION = YES;
				GCC_WARN_ABOUT_DEPRECATED_FUNCTIONS = YES;
				GCC_WARN_ABOUT_RETURN_TYPE = YES_ERROR;
				GCC_WARN_UNDECLARED_SELECTOR = YES;
				GCC_WARN_UNINITIALIZED_AUTOS = YES_AGGRESSIVE;
				GCC_WARN_UNUSED_FUNCTION = YES;
				GCC_WARN_UNUSED_VARIABLE = YES;
				MACOSX_DEPLOYMENT_TARGET = 10.15;
				MTL_ENABLE_DEBUG_INFO = NO;
				MTL_FAST_MATH = YES;
				SDKROOT = macosx;
			};
			name = Release;
		};
		529FE356255231B2006D8A78 /* Debug */ = {
			isa = XCBuildConfiguration;
			buildSettings = {
				CODE_SIGN_IDENTITY = "-";
				CODE_SIGN_STYLE = Automatic;
				GCC_WARN_ABOUT_DEPRECATED_FUNCTIONS = NO;
				HEADER_SEARCH_PATHS = "\"${SRCROOT}/../../External\\ Libraries/Mac/SFML/include\"";
				LIBRARY_SEARCH_PATHS = "\"${SRCROOT}/../../External\\ Libraries/Mac/SFML/lib\"";
				PRODUCT_NAME = "$(TARGET_NAME)";
			};
			name = Debug;
		};
		529FE357255231B2006D8A78 /* Release */ = {
			isa = XCBuildConfiguration;
			buildSettings = {
				CODE_SIGN_IDENTITY = "-";
				CODE_SIGN_STYLE = Automatic;
				GCC_WARN_ABOUT_DEPRECATED_FUNCTIONS = NO;
				HEADER_SEARCH_PATHS = "\"${SRCROOT}/../../External\\ Libraries/Mac/SFML/include\"";
				LIBRARY_SEARCH_PATHS = "\"${SRCROOT}/../../External\\ Libraries/Mac/SFML/lib\"";
				PRODUCT_NAME = "$(TARGET_NAME)";
			};
			name = Release;
		};
/* End XCBuildConfiguration section */

/* Begin XCConfigurationList section */
		529FE349255231B2006D8A78 /* Build configuration list for PBXProject "CityTrafficSimulator" */ = {
			isa = XCConfigurationList;
			buildConfigurations = (
				529FE353255231B2006D8A78 /* Debug */,
				529FE354255231B2006D8A78 /* Release */,
			);
			defaultConfigurationIsVisible = 0;
			defaultConfigurationName = Release;
		};
		529FE355255231B2006D8A78 /* Build configuration list for PBXNativeTarget "CityTrafficSimulator" */ = {
			isa = XCConfigurationList;
			buildConfigurations = (
				529FE356255231B2006D8A78 /* Debug */,
				529FE357255231B2006D8A78 /* Release */,
			);
			defaultConfigurationIsVisible = 0;
			defaultConfigurationName = Release;
		};
/* End XCConfigurationList section */
	};
	rootObject = 529FE346255231B2006D8A78 /* Project object */;
}
