<?xml version="1.0" encoding="utf-8"?>
<Project ToolsVersion="4.0" xmlns="http://schemas.microsoft.com/developer/msbuild/2003">
  <ItemGroup>
    <Filter Include="Source Files">
      <UniqueIdentifier>{4FC737F1-C7A5-4376-A066-2A32D752A2FF}</UniqueIdentifier>
      <Extensions>cpp;c;cc;cxx;c++;cppm;ixx;def;odl;idl;hpj;bat;asm;asmx</Extensions>
    </Filter>
    <Filter Include="Header Files">
      <UniqueIdentifier>{93995380-89BD-4b04-88EB-625FBE52EBFB}</UniqueIdentifier>
      <Extensions>h;hh;hpp;hxx;h++;hm;inl;inc;ipp;xsd</Extensions>
    </Filter>
    <Filter Include="Resource Files">
      <UniqueIdentifier>{67DA6AB6-F800-4c08-8B7A-83BB121AAD01}</UniqueIdentifier>
      <Extensions>rc;ico;cur;bmp;dlg;rc2;rct;bin;rgs;gif;jpg;jpeg;jpe;resx;tiff;tif;png;wav;mfcribbon-ms</Extensions>
    </Filter>
    <Filter Include="Source Files\ZPR namespace">
      <UniqueIdentifier>{f2e99f4a-ef4b-465e-a9c1-188593a6cbb7}</UniqueIdentifier>
    </Filter>
    <Filter Include="Header Files\ZPR namespace">
      <UniqueIdentifier>{9a723085-a2cb-476b-8a8d-8ae6e9f131fc}</UniqueIdentifier>
    </Filter>
    <Filter Include="Source Files\ZPR namespace\States">
      <UniqueIdentifier>{9708645a-954a-46ed-8c5b-3cd6cf54e950}</UniqueIdentifier>
    </Filter>
    <Filter Include="Header Files\ZPR namespace\States">
      <UniqueIdentifier>{319ebf1f-03e0-4fd9-bcdf-c6cdcb733259}</UniqueIdentifier>
    </Filter>
    <Filter Include="Header Files\ZPR namespace\Views">
      <UniqueIdentifier>{cb00fbc6-2155-44db-ba98-d183c0137779}</UniqueIdentifier>
    </Filter>
    <Filter Include="Source Files\ZPR namespace\Views">
      <UniqueIdentifier>{ed9fd230-45b2-4cdb-bb89-9e30251f6f19}</UniqueIdentifier>
    </Filter>
    <Filter Include="Header Files\ZPR namespace\Observers">
      <UniqueIdentifier>{ced71712-6796-48d7-b208-1caa040bec78}</UniqueIdentifier>
    </Filter>
    <Filter Include="Header Files\ZPR namespace\Subjects">
      <UniqueIdentifier>{cf9a57f8-c321-414c-a0e4-e49b76e06e29}</UniqueIdentifier>
    </Filter>
    <Filter Include="Header Files\ZPR namespace\Components">
      <UniqueIdentifier>{de020e12-1dea-412a-b3f3-974acc9f0cc3}</UniqueIdentifier>
    </Filter>
    <Filter Include="Source Files\ZPR namespace\Subjects">
      <UniqueIdentifier>{5ae82641-2b3a-4ce9-8bc7-7720390469a6}</UniqueIdentifier>
    </Filter>
    <Filter Include="Source Files\ZPR namespace\Components">
      <UniqueIdentifier>{8a8e89f7-a508-4f5f-b7be-02ff0ec4698a}</UniqueIdentifier>
    </Filter>
    <Filter Include="Header Files\ZPR namespace\Vehicles">
      <UniqueIdentifier>{81b81de2-5ea3-4d9c-8d25-459ae998a579}</UniqueIdentifier>
    </Filter>
    <Filter Include="Source Files\ZPR namespace\Vehicles">
      <UniqueIdentifier>{ad614e12-a1f7-45c7-929b-ba7ac3aecc12}</UniqueIdentifier>
    </Filter>
  </ItemGroup>
  <ItemGroup>
    <ClCompile Include="..\..\..\Code\main.cpp">
      <Filter>Source Files</Filter>
    </ClCompile>
    <ClCompile Include="..\..\..\Code\Vehicles\Car.cpp">
      <Filter>Source Files\ZPR namespace\Vehicles</Filter>
    </ClCompile>
    <ClCompile Include="..\..\..\Code\AssetManager.cpp">
      <Filter>Source Files\ZPR namespace</Filter>
    </ClCompile>
    <ClCompile Include="..\..\..\Code\InputManager.cpp">
      <Filter>Source Files\ZPR namespace</Filter>
    </ClCompile>
    <ClCompile Include="..\..\..\Code\Simulator.cpp">
      <Filter>Source Files\ZPR namespace</Filter>
    </ClCompile>
    <ClCompile Include="..\..\..\Code\InitCreateState.cpp">
      <Filter>Source Files\ZPR namespace\States</Filter>
    </ClCompile>
    <ClCompile Include="..\..\..\Code\CreatorState.cpp">
      <Filter>Source Files\ZPR namespace\States</Filter>
    </ClCompile>
    <ClCompile Include="..\..\..\Code\SplashState.cpp">
      <Filter>Source Files\ZPR namespace\States</Filter>
    </ClCompile>
    <ClCompile Include="..\..\..\Code\MainMenuState.cpp">
      <Filter>Source Files\ZPR namespace\States</Filter>
    </ClCompile>
    <ClCompile Include="..\..\..\Code\MapView.cpp">
      <Filter>Source Files\ZPR namespace\Views</Filter>
    </ClCompile>
    <ClCompile Include="..\..\..\Code\ToolsView.cpp">
      <Filter>Source Files\ZPR namespace\Views</Filter>
    </ClCompile>
    <ClCompile Include="..\..\..\Code\CamerasView.cpp">
      <Filter>Source Files\ZPR namespace\Views</Filter>
    </ClCompile>
    <ClCompile Include="..\..\..\Code\CreatorHandler.cpp">
      <Filter>Source Files</Filter>
    </ClCompile>
    <ClCompile Include="..\..\..\Code\Cell.cpp">
      <Filter>Source Files\ZPR namespace\Components</Filter>
    </ClCompile>
    <ClCompile Include="..\..\..\Code\Grid.cpp">
      <Filter>Source Files\ZPR namespace\Components</Filter>
    </ClCompile>
    <ClCompile Include="..\..\..\Code\CreatorSubject.cpp">
      <Filter>Source Files\ZPR namespace\Subjects</Filter>
    </ClCompile>
    <ClCompile Include="..\..\..\Code\Button.cpp">
      <Filter>Source Files\ZPR namespace\Components</Filter>
    </ClCompile>
    <ClCompile Include="..\..\..\Code\StateMachine.cpp">
      <Filter>Source Files\ZPR namespace\States</Filter>
    </ClCompile>
    <ClCompile Include="..\..\..\Code\ToolsSubject.cpp">
      <Filter>Source Files\ZPR namespace\Subjects</Filter>
    </ClCompile>
    <ClCompile Include="..\..\..\Code\SimulationHandler.cpp">
      <Filter>Source Files</Filter>
    </ClCompile>
    <ClCompile Include="..\..\..\Code\CamerasSubject.cpp">
      <Filter>Source Files\ZPR namespace\Subjects</Filter>
    </ClCompile>
    <ClCompile Include="..\..\..\Code\SimulationSubject.cpp">
      <Filter>Source Files\ZPR namespace\Subjects</Filter>
    </ClCompile>
    <ClCompile Include="..\..\..\Code\Vehicles\Vehicle.cpp">
      <Filter>Source Files\ZPR namespace\Vehicles</Filter>
    </ClCompile>
    <ClCompile Include="..\..\..\Code\Vehicles\Truck.cpp">
      <Filter>Source Files\ZPR namespace\Vehicles</Filter>
    </ClCompile>
    <ClCompile Include="..\..\..\Code\Vehicles\VehicleFactory.cpp">
      <Filter>Source Files\ZPR namespace\Vehicles</Filter>
    </ClCompile>
  </ItemGroup>
  <ItemGroup>
    <ClInclude Include="..\..\..\Code\Vehicles\Car.h">
      <Filter>Header Files\ZPR namespace\Vehicles</Filter>
    </ClInclude>
    <ClInclude Include="..\..\..\Code\AssetManager.h">
      <Filter>Header Files\ZPR namespace</Filter>
    </ClInclude>
    <ClInclude Include="..\..\..\Code\InputManager.h">
      <Filter>Header Files\ZPR namespace</Filter>
    </ClInclude>
    <ClInclude Include="..\..\..\Code\Simulator.h">
      <Filter>Header Files\ZPR namespace</Filter>
    </ClInclude>
    <ClInclude Include="..\..\..\Code\CreatorState.h">
      <Filter>Header Files\ZPR namespace\States</Filter>
    </ClInclude>
    <ClInclude Include="..\..\..\Code\InitCreateState.h">
      <Filter>Header Files\ZPR namespace\States</Filter>
    </ClInclude>
    <ClInclude Include="..\..\..\Code\MainMenuState.h">
      <Filter>Header Files\ZPR namespace\States</Filter>
    </ClInclude>
    <ClInclude Include="..\..\..\Code\SplashState.h">
      <Filter>Header Files\ZPR namespace\States</Filter>
    </ClInclude>
    <ClInclude Include="..\..\..\Code\MapView.h">
      <Filter>Header Files\ZPR namespace\Views</Filter>
    </ClInclude>
    <ClInclude Include="..\..\..\Code\ToolsView.h">
      <Filter>Header Files\ZPR namespace\Views</Filter>
    </ClInclude>
    <ClInclude Include="..\..\..\Code\CamerasView.h">
      <Filter>Header Files\ZPR namespace\Views</Filter>
    </ClInclude>
    <ClInclude Include="..\..\..\Code\CreatorHandler.h">
      <Filter>Header Files</Filter>
    </ClInclude>
    <ClInclude Include="..\..\..\Code\Definitions.h">
      <Filter>Header Files</Filter>
    </ClInclude>
    <ClInclude Include="..\..\..\Code\CreatorObserver.h">
      <Filter>Header Files\ZPR namespace\Observers</Filter>
    </ClInclude>
    <ClInclude Include="..\..\..\Code\State.h">
      <Filter>Header Files\ZPR namespace\States</Filter>
    </ClInclude>
    <ClInclude Include="..\..\..\Code\StateMachine.h">
      <Filter>Header Files\ZPR namespace\States</Filter>
    </ClInclude>
    <ClInclude Include="..\..\..\Code\Button.h">
      <Filter>Header Files\ZPR namespace\Components</Filter>
    </ClInclude>
    <ClInclude Include="..\..\..\Code\Cell.h">
      <Filter>Header Files\ZPR namespace\Components</Filter>
    </ClInclude>
    <ClInclude Include="..\..\..\Code\Grid.h">
      <Filter>Header Files\ZPR namespace\Components</Filter>
    </ClInclude>
    <ClInclude Include="..\..\..\Code\CreatorSubject.h">
      <Filter>Header Files\ZPR namespace\Subjects</Filter>
    </ClInclude>
    <ClInclude Include="..\..\..\Code\ToolsSubject.h">
      <Filter>Header Files\ZPR namespace\Subjects</Filter>
    </ClInclude>
    <ClInclude Include="..\..\..\Code\ToolsObserver.h">
      <Filter>Header Files\ZPR namespace\Observers</Filter>
    </ClInclude>
    <ClInclude Include="..\..\..\Code\CamerasObserver.h">
      <Filter>Header Files\ZPR namespace\Observers</Filter>
    </ClInclude>
    <ClInclude Include="..\..\..\Code\CamerasSubject.h">
      <Filter>Header Files\ZPR namespace\Subjects</Filter>
    </ClInclude>
    <ClInclude Include="..\..\..\Code\SimulationHandler.h">
      <Filter>Header Files</Filter>
    </ClInclude>
    <ClInclude Include="..\..\..\Code\SimulationObserver.h">
      <Filter>Header Files\ZPR namespace\Observers</Filter>
    </ClInclude>
    <ClInclude Include="..\..\..\Code\SimulationSubject.h">
      <Filter>Header Files\ZPR namespace\Subjects</Filter>
    </ClInclude>
    <ClInclude Include="..\..\..\Code\Vehicles\Truck.h">
      <Filter>Header Files\ZPR namespace\Vehicles</Filter>
    </ClInclude>
    <ClInclude Include="..\..\..\Code\Vehicles\Vehicle.h">
      <Filter>Header Files\ZPR namespace\Vehicles</Filter>
    </ClInclude>
    <ClInclude Include="..\..\..\Code\Vehicles\VehicleFactory.h">
      <Filter>Header Files\ZPR namespace\Vehicles</Filter>
    </ClInclude>
  </ItemGroup>
  <ItemGroup>
    <Image Include="..\Release\Resources\background_menu.jpeg">
      <Filter>Resource Files</Filter>
    </Image>
    <Image Include="..\Release\Resources\background_splash.jpeg">
      <Filter>Resource Files</Filter>
    </Image>
  </ItemGroup>
  <ItemGroup>
    <Font Include="..\Release\Resources\BebasNeue-Regular.ttf">
      <Filter>Resource Files</Filter>
    </Font>
  </ItemGroup>
</Project>