<?xml version="1.0" encoding="utf-8"?>
<Project ToolsVersion="4.0" xmlns="http://schemas.microsoft.com/developer/msbuild/2003">
  <ItemGroup>
    <Filter Include="Source Files">
      <UniqueIdentifier>{4FC737F1-C7A5-4376-A066-2A32D752A2FF}</UniqueIdentifier>
      <Extensions>cpp;c;cc;cxx;c++;cppm;ixx;def;odl;idl;hpj;bat;asm;asmx</Extensions>
    </Filter>
    <Filter Include="Header Files">
      <UniqueIdentifier>{93995380-89BD-4b04-88EB-625FBE52EBFB}</UniqueIdentifier>
      <Extensions>h;hh;hpp;hxx;h++;hm;inl;inc;ipp;xsd</Extensions>
    </Filter>
    <Filter Include="Resource Files">
      <UniqueIdentifier>{67DA6AB6-F800-4c08-8B7A-83BB121AAD01}</UniqueIdentifier>
      <Extensions>rc;ico;cur;bmp;dlg;rc2;rct;bin;rgs;gif;jpg;jpeg;jpe;resx;tiff;tif;png;wav;mfcribbon-ms</Extensions>
    </Filter>
    <Filter Include="Source Files\ZPR namespace">
      <UniqueIdentifier>{f2e99f4a-ef4b-465e-a9c1-188593a6cbb7}</UniqueIdentifier>
    </Filter>
    <Filter Include="Header Files\ZPR namespace">
      <UniqueIdentifier>{9a723085-a2cb-476b-8a8d-8ae6e9f131fc}</UniqueIdentifier>
    </Filter>
    <Filter Include="Source Files\ZPR namespace\States">
      <UniqueIdentifier>{9708645a-954a-46ed-8c5b-3cd6cf54e950}</UniqueIdentifier>
    </Filter>
    <Filter Include="Header Files\ZPR namespace\States">
      <UniqueIdentifier>{319ebf1f-03e0-4fd9-bcdf-c6cdcb733259}</UniqueIdentifier>
    </Filter>
    <Filter Include="Header Files\ZPR namespace\Views">
      <UniqueIdentifier>{cb00fbc6-2155-44db-ba98-d183c0137779}</UniqueIdentifier>
    </Filter>
    <Filter Include="Source Files\ZPR namespace\Views">
      <UniqueIdentifier>{ed9fd230-45b2-4cdb-bb89-9e30251f6f19}</UniqueIdentifier>
    </Filter>
    <Filter Include="Header Files\ZPR namespace\Observers">
      <UniqueIdentifier>{ced71712-6796-48d7-b208-1caa040bec78}</UniqueIdentifier>
    </Filter>
    <Filter Include="Header Files\ZPR namespace\Subjects">
      <UniqueIdentifier>{cf9a57f8-c321-414c-a0e4-e49b76e06e29}</UniqueIdentifier>
    </Filter>
    <Filter Include="Header Files\ZPR namespace\Components">
      <UniqueIdentifier>{de020e12-1dea-412a-b3f3-974acc9f0cc3}</UniqueIdentifier>
    </Filter>
    <Filter Include="Source Files\ZPR namespace\Subjects">
      <UniqueIdentifier>{5ae82641-2b3a-4ce9-8bc7-7720390469a6}</UniqueIdentifier>
    </Filter>
    <Filter Include="Source Files\ZPR namespace\Components">
      <UniqueIdentifier>{8a8e89f7-a508-4f5f-b7be-02ff0ec4698a}</UniqueIdentifier>
    </Filter>
    <Filter Include="Header Files\ZPR namespace\Vehicles">
      <UniqueIdentifier>{81b81de2-5ea3-4d9c-8d25-459ae998a579}</UniqueIdentifier>
    </Filter>
    <Filter Include="Source Files\ZPR namespace\Vehicles">
      <UniqueIdentifier>{ad614e12-a1f7-45c7-929b-ba7ac3aecc12}</UniqueIdentifier>
    </Filter>
    <Filter Include="Header Files\ZPR namespace\Macros">
      <UniqueIdentifier>{968c4253-b541-4c84-8d31-021d4c14d5bc}</UniqueIdentifier>
    </Filter>
  </ItemGroup>
  <ItemGroup>
    <ClInclude Include="..\..\..\Code\button.hpp">
      <Filter>Header Files\ZPR namespace\Components</Filter>
    </ClInclude>
    <ClInclude Include="..\..\..\Code\camera.hpp">
      <Filter>Header Files\ZPR namespace\Components</Filter>
    </ClInclude>
    <ClInclude Include="..\..\..\Code\cell.hpp">
      <Filter>Header Files\ZPR namespace\Components</Filter>
    </ClInclude>
    <ClInclude Include="..\..\..\Code\grid.hpp">
      <Filter>Header Files\ZPR namespace\Components</Filter>
    </ClInclude>
    <ClInclude Include="..\..\..\Code\cameras_observer.hpp">
      <Filter>Header Files\ZPR namespace\Observers</Filter>
    </ClInclude>
    <ClInclude Include="..\..\..\Code\cameras_subject.hpp">
      <Filter>Header Files\ZPR namespace\Subjects</Filter>
    </ClInclude>
    <ClInclude Include="..\..\..\Code\cameras_view.hpp">
      <Filter>Header Files\ZPR namespace\Views</Filter>
    </ClInclude>
    <ClInclude Include="..\..\..\Code\creator_observer.hpp">
      <Filter>Header Files\ZPR namespace\Observers</Filter>
    </ClInclude>
    <ClInclude Include="..\..\..\Code\creator_state.hpp">
      <Filter>Header Files\ZPR namespace\States</Filter>
    </ClInclude>
    <ClInclude Include="..\..\..\Code\creator_subject.hpp">
      <Filter>Header Files\ZPR namespace\Subjects</Filter>
    </ClInclude>
    <ClInclude Include="..\..\..\Code\definitions.hpp">
      <Filter>Header Files\ZPR namespace\Macros</Filter>
    </ClInclude>
    <ClInclude Include="..\..\..\Code\init_create_state.hpp">
      <Filter>Header Files\ZPR namespace\States</Filter>
    </ClInclude>
    <ClInclude Include="..\..\..\Code\keys_enum.hpp">
      <Filter>Header Files\ZPR namespace\Macros</Filter>
    </ClInclude>
    <ClInclude Include="..\..\..\Code\load_state.hpp">
      <Filter>Header Files\ZPR namespace\States</Filter>
    </ClInclude>
    <ClInclude Include="..\..\..\Code\main_menu_state.hpp">
      <Filter>Header Files\ZPR namespace\States</Filter>
    </ClInclude>
    <ClInclude Include="..\..\..\Code\map_view.hpp">
      <Filter>Header Files\ZPR namespace\Views</Filter>
    </ClInclude>
    <ClInclude Include="..\..\..\Code\Vehicles\car.hpp">
      <Filter>Header Files\ZPR namespace\Vehicles</Filter>
    </ClInclude>
    <ClInclude Include="..\..\..\Code\save_state.hpp">
      <Filter>Header Files\ZPR namespace\States</Filter>
    </ClInclude>
    <ClInclude Include="..\..\..\Code\simulation_observer.hpp">
      <Filter>Header Files\ZPR namespace\Observers</Filter>
    </ClInclude>
    <ClInclude Include="..\..\..\Code\simulation_subject.hpp">
      <Filter>Header Files\ZPR namespace\Subjects</Filter>
    </ClInclude>
    <ClInclude Include="..\..\..\Code\slots_enum.hpp">
      <Filter>Header Files\ZPR namespace\Macros</Filter>
    </ClInclude>
    <ClInclude Include="..\..\..\Code\splash_state.hpp">
      <Filter>Header Files\ZPR namespace\States</Filter>
    </ClInclude>
    <ClInclude Include="..\..\..\Code\state.hpp">
      <Filter>Header Files\ZPR namespace\States</Filter>
    </ClInclude>
    <ClInclude Include="..\..\..\Code\state_machine.hpp">
      <Filter>Header Files\ZPR namespace\States</Filter>
    </ClInclude>
    <ClInclude Include="..\..\..\Code\timer.hpp">
      <Filter>Header Files\ZPR namespace\Components</Filter>
    </ClInclude>
    <ClInclude Include="..\..\..\Code\tools_observer.hpp">
      <Filter>Header Files\ZPR namespace\Observers</Filter>
    </ClInclude>
    <ClInclude Include="..\..\..\Code\tools_subject.hpp">
      <Filter>Header Files\ZPR namespace\Subjects</Filter>
    </ClInclude>
    <ClInclude Include="..\..\..\Code\tools_view.hpp">
      <Filter>Header Files\ZPR namespace\Views</Filter>
    </ClInclude>
    <ClInclude Include="..\..\..\Code\Vehicles\vehicle.hpp">
      <Filter>Header Files\ZPR namespace\Vehicles</Filter>
    </ClInclude>
    <ClInclude Include="..\..\..\Code\Vehicles\truck.hpp">
      <Filter>Header Files\ZPR namespace\Vehicles</Filter>
    </ClInclude>
    <ClInclude Include="..\..\..\Code\Vehicles\vehicle_factory.hpp">
      <Filter>Header Files\ZPR namespace\Vehicles</Filter>
    </ClInclude>
    <ClInclude Include="..\..\..\Code\file_finder.hpp">
      <Filter>Header Files\ZPR namespace</Filter>
    </ClInclude>
    <ClInclude Include="..\..\..\Code\asset_manager.hpp">
      <Filter>Header Files\ZPR namespace</Filter>
    </ClInclude>
    <ClInclude Include="..\..\..\Code\creator_handler.hpp">
      <Filter>Header Files\ZPR namespace</Filter>
    </ClInclude>
    <ClInclude Include="..\..\..\Code\input_manager.hpp">
      <Filter>Header Files\ZPR namespace</Filter>
    </ClInclude>
    <ClInclude Include="..\..\..\Code\load_demo.hpp">
      <Filter>Header Files\ZPR namespace</Filter>
    </ClInclude>
    <ClInclude Include="..\..\..\Code\simulation_handler.hpp">
      <Filter>Header Files\ZPR namespace</Filter>
    </ClInclude>
    <ClInclude Include="..\..\..\Code\simulator.hpp">
      <Filter>Header Files\ZPR namespace</Filter>
    </ClInclude>
  </ItemGroup>
  <ItemGroup>
    <ClCompile Include="..\..\..\Code\button.cpp">
      <Filter>Source Files\ZPR namespace\Components</Filter>
    </ClCompile>
    <ClCompile Include="..\..\..\Code\camera.cpp">
      <Filter>Source Files\ZPR namespace\Components</Filter>
    </ClCompile>
    <ClCompile Include="..\..\..\Code\cell.cpp">
      <Filter>Source Files\ZPR namespace\Components</Filter>
    </ClCompile>
    <ClCompile Include="..\..\..\Code\Vehicles\car.cpp">
      <Filter>Source Files\ZPR namespace\Vehicles</Filter>
    </ClCompile>
    <ClCompile Include="..\..\..\Code\cameras_view.cpp">
      <Filter>Source Files\ZPR namespace\Views</Filter>
    </ClCompile>
    <ClCompile Include="..\..\..\Code\creator_state.cpp">
      <Filter>Source Files\ZPR namespace\States</Filter>
    </ClCompile>
    <ClCompile Include="..\..\..\Code\creator_subject.cpp">
      <Filter>Source Files\ZPR namespace\Subjects</Filter>
    </ClCompile>
    <ClCompile Include="..\..\..\Code\grid.cpp">
      <Filter>Source Files\ZPR namespace\Components</Filter>
    </ClCompile>
    <ClCompile Include="..\..\..\Code\init_create_state.cpp">
      <Filter>Source Files\ZPR namespace\States</Filter>
    </ClCompile>
    <ClCompile Include="..\..\..\Code\load_state.cpp">
      <Filter>Source Files\ZPR namespace\States</Filter>
    </ClCompile>
    <ClCompile Include="..\..\..\Code\main_menu_state.cpp">
      <Filter>Source Files\ZPR namespace\States</Filter>
    </ClCompile>
    <ClCompile Include="..\..\..\Code\map_view.cpp">
      <Filter>Source Files\ZPR namespace\Views</Filter>
    </ClCompile>
    <ClCompile Include="..\..\..\Code\save_state.cpp">
      <Filter>Source Files\ZPR namespace\States</Filter>
    </ClCompile>
    <ClCompile Include="..\..\..\Code\simulation_subject.cpp">
      <Filter>Source Files\ZPR namespace\Subjects</Filter>
    </ClCompile>
    <ClCompile Include="..\..\..\Code\splash_state.cpp">
      <Filter>Source Files\ZPR namespace\States</Filter>
    </ClCompile>
    <ClCompile Include="..\..\..\Code\state_machine.cpp">
      <Filter>Source Files\ZPR namespace\States</Filter>
    </ClCompile>
    <ClCompile Include="..\..\..\Code\tools_subject.cpp">
      <Filter>Source Files\ZPR namespace\Subjects</Filter>
    </ClCompile>
    <ClCompile Include="..\..\..\Code\tools_view.cpp">
      <Filter>Source Files\ZPR namespace\Views</Filter>
    </ClCompile>
    <ClCompile Include="..\..\..\Code\Vehicles\truck.cpp">
      <Filter>Source Files\ZPR namespace\Vehicles</Filter>
    </ClCompile>
    <ClCompile Include="..\..\..\Code\Vehicles\vehicle.cpp">
      <Filter>Source Files\ZPR namespace\Vehicles</Filter>
    </ClCompile>
    <ClCompile Include="..\..\..\Code\Vehicles\vehicle_factory.cpp">
      <Filter>Source Files\ZPR namespace\Vehicles</Filter>
    </ClCompile>
    <ClCompile Include="..\..\..\Code\asset_manager.cpp">
      <Filter>Source Files\ZPR namespace</Filter>
    </ClCompile>
    <ClCompile Include="..\..\..\Code\cameras_subject.cpp">
      <Filter>Source Files\ZPR namespace</Filter>
    </ClCompile>
    <ClCompile Include="..\..\..\Code\creator_handler.cpp">
      <Filter>Source Files\ZPR namespace</Filter>
    </ClCompile>
    <ClCompile Include="..\..\..\Code\file_finder.cpp">
      <Filter>Source Files\ZPR namespace</Filter>
    </ClCompile>
    <ClCompile Include="..\..\..\Code\input_manager.cpp">
      <Filter>Source Files\ZPR namespace</Filter>
    </ClCompile>
    <ClCompile Include="..\..\..\Code\load_demo.cpp">
      <Filter>Source Files\ZPR namespace</Filter>
    </ClCompile>
    <ClCompile Include="..\..\..\Code\main.cpp">
      <Filter>Source Files\ZPR namespace</Filter>
    </ClCompile>
    <ClCompile Include="..\..\..\Code\simulation_handler.cpp">
      <Filter>Source Files\ZPR namespace</Filter>
    </ClCompile>
    <ClCompile Include="..\..\..\Code\simulator.cpp">
      <Filter>Source Files\ZPR namespace</Filter>
    </ClCompile>
  </ItemGroup>
</Project>